
Microsoft Visual Studio Solution File, Format Version 12.00
# Visual Studio 15
VisualStudioVersion = 15.0.27703.2035
MinimumVisualStudioVersion = 10.0.40219.1
Project("{FAE04EC0-301F-11D3-BF4B-00C04F79EFBC}") = "Scrip.Compiler", "Scrip.Compiler\Scrip.Compiler.csproj", "{4AD8B0AE-6754-40BB-8C70-0399F472D37D}"
EndProject
Global
	GlobalSection(SolutionConfigurationPlatforms) = preSolution
		Debug|Any CPU = Debug|Any CPU
		Release|Any CPU = Release|Any CPU
	EndGlobalSection
	GlobalSection(ProjectConfigurationPlatforms) = postSolution
		{4AD8B0AE-6754-40BB-8C70-0399F472D37D}.Debug|Any CPU.ActiveCfg = Debug|Any CPU
		{4AD8B0AE-6754-40BB-8C70-0399F472D37D}.Debug|Any CPU.Build.0 = Debug|Any CPU
		{4AD8B0AE-6754-40BB-8C70-0399F472D37D}.Release|Any CPU.ActiveCfg = Release|Any CPU
		{4AD8B0AE-6754-40BB-8C70-0399F472D37D}.Release|Any CPU.Build.0 = Release|Any CPU
	EndGlobalSection
	GlobalSection(SolutionProperties) = preSolution
		HideSolutionNode = FALSE
	EndGlobalSection
	GlobalSection(ExtensibilityGlobals) = postSolution
		SolutionGuid = {D5069826-39FD-45F4-BFDD-1A8484A14895}
	EndGlobalSection
EndGlobal
